
Microsoft Visual Studio Solution File, Format Version 12.00
# Visual Studio Version 16
VisualStudioVersion = 16.0.30323.103
MinimumVisualStudioVersion = 10.0.40219.1
Project("{FAE04EC0-301F-11D3-BF4B-00C04F79EFBC}") = "Driver.HyperXAlloy.RGB", "Driver.HyperXAlloy.RGB.csproj", "{FF7C43DD-E460-4F07-8B2A-7DA9E356B736}"
EndProject
Global
	GlobalSection(SolutionConfigurationPlatforms) = preSolution
		Debug|Any CPU = Debug|Any CPU
		Release|Any CPU = Release|Any CPU
	EndGlobalSection
	GlobalSection(ProjectConfigurationPlatforms) = postSolution
		{FF7C43DD-E460-4F07-8B2A-7DA9E356B736}.Debug|Any CPU.ActiveCfg = Debug|Any CPU
		{FF7C43DD-E460-4F07-8B2A-7DA9E356B736}.Debug|Any CPU.Build.0 = Debug|Any CPU
		{FF7C43DD-E460-4F07-8B2A-7DA9E356B736}.Release|Any CPU.ActiveCfg = Release|Any CPU
		{FF7C43DD-E460-4F07-8B2A-7DA9E356B736}.Release|Any CPU.Build.0 = Release|Any CPU
	EndGlobalSection
	GlobalSection(SolutionProperties) = preSolution
		HideSolutionNode = FALSE
	EndGlobalSection
	GlobalSection(ExtensibilityGlobals) = postSolution
		SolutionGuid = {2FEFD97E-7A5C-4B84-90E4-931C8142BA57}
	EndGlobalSection
EndGlobal
